// !$*UTF8*$!
{
	archiveVersion = 1;
	classes = {
	};
	objectVersion = 46;
	objects = {

/* Begin PBXBuildFile section */
		CD2FC12919BA234F00718525 /* Foundation.framework in Frameworks */ = {isa = PBXBuildFile; fileRef = CD2FC12819BA234F00718525 /* Foundation.framework */; };
		CD2FC12B19BA234F00718525 /* CoreGraphics.framework in Frameworks */ = {isa = PBXBuildFile; fileRef = CD2FC12A19BA234F00718525 /* CoreGraphics.framework */; };
		CD2FC12D19BA234F00718525 /* UIKit.framework in Frameworks */ = {isa = PBXBuildFile; fileRef = CD2FC12C19BA234F00718525 /* UIKit.framework */; };
		CD2FC13319BA234F00718525 /* InfoPlist.strings in Resources */ = {isa = PBXBuildFile; fileRef = CD2FC13119BA234F00718525 /* InfoPlist.strings */; };
		CD2FC13519BA234F00718525 /* main.m in Sources */ = {isa = PBXBuildFile; fileRef = CD2FC13419BA234F00718525 /* main.m */; };
		CD2FC13919BA234F00718525 /* YinYangAppDelegate.m in Sources */ = {isa = PBXBuildFile; fileRef = CD2FC13819BA234F00718525 /* YinYangAppDelegate.m */; };
		CD2FC13C19BA234F00718525 /* Main.storyboard in Resources */ = {isa = PBXBuildFile; fileRef = CD2FC13A19BA234F00718525 /* Main.storyboard */; };
		CD2FC13F19BA234F00718525 /* YinYangViewController.m in Sources */ = {isa = PBXBuildFile; fileRef = CD2FC13E19BA234F00718525 /* YinYangViewController.m */; };
		CD2FC14119BA234F00718525 /* Images.xcassets in Resources */ = {isa = PBXBuildFile; fileRef = CD2FC14019BA234F00718525 /* Images.xcassets */; };
		CD2FC14819BA234F00718525 /* XCTest.framework in Frameworks */ = {isa = PBXBuildFile; fileRef = CD2FC14719BA234F00718525 /* XCTest.framework */; };
		CD2FC14919BA234F00718525 /* Foundation.framework in Frameworks */ = {isa = PBXBuildFile; fileRef = CD2FC12819BA234F00718525 /* Foundation.framework */; };
		CD2FC14A19BA234F00718525 /* UIKit.framework in Frameworks */ = {isa = PBXBuildFile; fileRef = CD2FC12C19BA234F00718525 /* UIKit.framework */; };
		CD2FC15219BA235000718525 /* InfoPlist.strings in Resources */ = {isa = PBXBuildFile; fileRef = CD2FC15019BA235000718525 /* InfoPlist.strings */; };
		CD2FC15419BA235000718525 /* YinYangTests.m in Sources */ = {isa = PBXBuildFile; fileRef = CD2FC15319BA235000718525 /* YinYangTests.m */; };
/* End PBXBuildFile section */

/* Begin PBXContainerItemProxy section */
		CD2FC14B19BA235000718525 /* PBXContainerItemProxy */ = {
			isa = PBXContainerItemProxy;
			containerPortal = CD2FC11D19BA234F00718525 /* Project object */;
			proxyType = 1;
			remoteGlobalIDString = CD2FC12419BA234F00718525;
			remoteInfo = YinYang;
		};
/* End PBXContainerItemProxy section */

/* Begin PBXFileReference section */
		CD2FC12519BA234F00718525 /* YinYang.app */ = {isa = PBXFileReference; explicitFileType = wrapper.application; includeInIndex = 0; path = YinYang.app; sourceTree = BUILT_PRODUCTS_DIR; };
		CD2FC12819BA234F00718525 /* Foundation.framework */ = {isa = PBXFileReference; lastKnownFileType = wrapper.framework; name = Foundation.framework; path = System/Library/Frameworks/Foundation.framework; sourceTree = SDKROOT; };
		CD2FC12A19BA234F00718525 /* CoreGraphics.framework */ = {isa = PBXFileReference; lastKnownFileType = wrapper.framework; name = CoreGraphics.framework; path = System/Library/Frameworks/CoreGraphics.framework; sourceTree = SDKROOT; };
		CD2FC12C19BA234F00718525 /* UIKit.framework */ = {isa = PBXFileReference; lastKnownFileType = wrapper.framework; name = UIKit.framework; path = System/Library/Frameworks/UIKit.framework; sourceTree = SDKROOT; };
		CD2FC13019BA234F00718525 /* YinYang-Info.plist */ = {isa = PBXFileReference; lastKnownFileType = text.plist.xml; path = "YinYang-Info.plist"; sourceTree = "<group>"; };
		CD2FC13219BA234F00718525 /* en */ = {isa = PBXFileReference; lastKnownFileType = text.plist.strings; name = en; path = en.lproj/InfoPlist.strings; sourceTree = "<group>"; };
		CD2FC13419BA234F00718525 /* main.m */ = {isa = PBXFileReference; lastKnownFileType = sourcecode.c.objc; path = main.m; sourceTree = "<group>"; };
		CD2FC13619BA234F00718525 /* YinYang-Prefix.pch */ = {isa = PBXFileReference; lastKnownFileType = sourcecode.c.h; path = "YinYang-Prefix.pch"; sourceTree = "<group>"; };
		CD2FC13719BA234F00718525 /* YinYangAppDelegate.h */ = {isa = PBXFileReference; lastKnownFileType = sourcecode.c.h; path = YinYangAppDelegate.h; sourceTree = "<group>"; };
		CD2FC13819BA234F00718525 /* YinYangAppDelegate.m */ = {isa = PBXFileReference; lastKnownFileType = sourcecode.c.objc; path = YinYangAppDelegate.m; sourceTree = "<group>"; };
		CD2FC13B19BA234F00718525 /* Base */ = {isa = PBXFileReference; lastKnownFileType = file.storyboard; name = Base; path = Base.lproj/Main.storyboard; sourceTree = "<group>"; };
		CD2FC13D19BA234F00718525 /* YinYangViewController.h */ = {isa = PBXFileReference; lastKnownFileType = sourcecode.c.h; path = YinYangViewController.h; sourceTree = "<group>"; };
		CD2FC13E19BA234F00718525 /* YinYangViewController.m */ = {isa = PBXFileReference; lastKnownFileType = sourcecode.c.objc; path = YinYangViewController.m; sourceTree = "<group>"; };
		CD2FC14019BA234F00718525 /* Images.xcassets */ = {isa = PBXFileReference; lastKnownFileType = folder.assetcatalog; path = Images.xcassets; sourceTree = "<group>"; };
		CD2FC14619BA234F00718525 /* YinYangTests.xctest */ = {isa = PBXFileReference; explicitFileType = wrapper.cfbundle; includeInIndex = 0; path = YinYangTests.xctest; sourceTree = BUILT_PRODUCTS_DIR; };
		CD2FC14719BA234F00718525 /* XCTest.framework */ = {isa = PBXFileReference; lastKnownFileType = wrapper.framework; name = XCTest.framework; path = Library/Frameworks/XCTest.framework; sourceTree = DEVELOPER_DIR; };
		CD2FC14F19BA235000718525 /* YinYangTests-Info.plist */ = {isa = PBXFileReference; lastKnownFileType = text.plist.xml; path = "YinYangTests-Info.plist"; sourceTree = "<group>"; };
		CD2FC15119BA235000718525 /* en */ = {isa = PBXFileReference; lastKnownFileType = text.plist.strings; name = en; path = en.lproj/InfoPlist.strings; sourceTree = "<group>"; };
		CD2FC15319BA235000718525 /* YinYangTests.m */ = {isa = PBXFileReference; lastKnownFileType = sourcecode.c.objc; path = YinYangTests.m; sourceTree = "<group>"; };
/* End PBXFileReference section */

/* Begin PBXFrameworksBuildPhase section */
		CD2FC12219BA234F00718525 /* Frameworks */ = {
			isa = PBXFrameworksBuildPhase;
			buildActionMask = 2147483647;
			files = (
				CD2FC12B19BA234F00718525 /* CoreGraphics.framework in Frameworks */,
				CD2FC12D19BA234F00718525 /* UIKit.framework in Frameworks */,
				CD2FC12919BA234F00718525 /* Foundation.framework in Frameworks */,
			);
			runOnlyForDeploymentPostprocessing = 0;
		};
		CD2FC14319BA234F00718525 /* Frameworks */ = {
			isa = PBXFrameworksBuildPhase;
			buildActionMask = 2147483647;
			files = (
				CD2FC14819BA234F00718525 /* XCTest.framework in Frameworks */,
				CD2FC14A19BA234F00718525 /* UIKit.framework in Frameworks */,
				CD2FC14919BA234F00718525 /* Foundation.framework in Frameworks */,
			);
			runOnlyForDeploymentPostprocessing = 0;
		};
/* End PBXFrameworksBuildPhase section */

/* Begin PBXGroup section */
		CD2FC11C19BA234F00718525 = {
			isa = PBXGroup;
			children = (
				CD2FC12E19BA234F00718525 /* YinYang */,
				CD2FC14D19BA235000718525 /* YinYangTests */,
				CD2FC12719BA234F00718525 /* Frameworks */,
				CD2FC12619BA234F00718525 /* Products */,
			);
			sourceTree = "<group>";
		};
		CD2FC12619BA234F00718525 /* Products */ = {
			isa = PBXGroup;
			children = (
				CD2FC12519BA234F00718525 /* YinYang.app */,
				CD2FC14619BA234F00718525 /* YinYangTests.xctest */,
			);
			name = Products;
			sourceTree = "<group>";
		};
		CD2FC12719BA234F00718525 /* Frameworks */ = {
			isa = PBXGroup;
			children = (
				CD2FC12819BA234F00718525 /* Foundation.framework */,
				CD2FC12A19BA234F00718525 /* CoreGraphics.framework */,
				CD2FC12C19BA234F00718525 /* UIKit.framework */,
				CD2FC14719BA234F00718525 /* XCTest.framework */,
			);
			name = Frameworks;
			sourceTree = "<group>";
		};
		CD2FC12E19BA234F00718525 /* YinYang */ = {
			isa = PBXGroup;
			children = (
				CD2FC13719BA234F00718525 /* YinYangAppDelegate.h */,
				CD2FC13819BA234F00718525 /* YinYangAppDelegate.m */,
				CD2FC13A19BA234F00718525 /* Main.storyboard */,
				CD2FC13D19BA234F00718525 /* YinYangViewController.h */,
				CD2FC13E19BA234F00718525 /* YinYangViewController.m */,
				CD2FC14019BA234F00718525 /* Images.xcassets */,
				CD2FC12F19BA234F00718525 /* Supporting Files */,
			);
			path = YinYang;
			sourceTree = "<group>";
		};
		CD2FC12F19BA234F00718525 /* Supporting Files */ = {
			isa = PBXGroup;
			children = (
				CD2FC13019BA234F00718525 /* YinYang-Info.plist */,
				CD2FC13119BA234F00718525 /* InfoPlist.strings */,
				CD2FC13419BA234F00718525 /* main.m */,
				CD2FC13619BA234F00718525 /* YinYang-Prefix.pch */,
			);
			name = "Supporting Files";
			sourceTree = "<group>";
		};
		CD2FC14D19BA235000718525 /* YinYangTests */ = {
			isa = PBXGroup;
			children = (
				CD2FC15319BA235000718525 /* YinYangTests.m */,
				CD2FC14E19BA235000718525 /* Supporting Files */,
			);
			path = YinYangTests;
			sourceTree = "<group>";
		};
		CD2FC14E19BA235000718525 /* Supporting Files */ = {
			isa = PBXGroup;
			children = (
				CD2FC14F19BA235000718525 /* YinYangTests-Info.plist */,
				CD2FC15019BA235000718525 /* InfoPlist.strings */,
			);
			name = "Supporting Files";
			sourceTree = "<group>";
		};
/* End PBXGroup section */

/* Begin PBXNativeTarget section */
		CD2FC12419BA234F00718525 /* YinYang */ = {
			isa = PBXNativeTarget;
			buildConfigurationList = CD2FC15719BA235000718525 /* Build configuration list for PBXNativeTarget "YinYang" */;
			buildPhases = (
				CD2FC12119BA234F00718525 /* Sources */,
				CD2FC12219BA234F00718525 /* Frameworks */,
				CD2FC12319BA234F00718525 /* Resources */,
			);
			buildRules = (
			);
			dependencies = (
			);
			name = YinYang;
			productName = YinYang;
			productReference = CD2FC12519BA234F00718525 /* YinYang.app */;
			productType = "com.apple.product-type.application";
		};
		CD2FC14519BA234F00718525 /* YinYangTests */ = {
			isa = PBXNativeTarget;
			buildConfigurationList = CD2FC15A19BA235000718525 /* Build configuration list for PBXNativeTarget "YinYangTests" */;
			buildPhases = (
				CD2FC14219BA234F00718525 /* Sources */,
				CD2FC14319BA234F00718525 /* Frameworks */,
				CD2FC14419BA234F00718525 /* Resources */,
			);
			buildRules = (
			);
			dependencies = (
				CD2FC14C19BA235000718525 /* PBXTargetDependency */,
			);
			name = YinYangTests;
			productName = YinYangTests;
			productReference = CD2FC14619BA234F00718525 /* YinYangTests.xctest */;
			productType = "com.apple.product-type.bundle.unit-test";
		};
/* End PBXNativeTarget section */

/* Begin PBXProject section */
		CD2FC11D19BA234F00718525 /* Project object */ = {
			isa = PBXProject;
			attributes = {
				CLASSPREFIX = YinYang;
				LastUpgradeCheck = 0510;
				ORGANIZATIONNAME = Mobi;
				TargetAttributes = {
					CD2FC14519BA234F00718525 = {
						TestTargetID = CD2FC12419BA234F00718525;
					};
				};
			};
			buildConfigurationList = CD2FC12019BA234F00718525 /* Build configuration list for PBXProject "YinYang" */;
			compatibilityVersion = "Xcode 3.2";
			developmentRegion = English;
			hasScannedForEncodings = 0;
			knownRegions = (
				en,
				Base,
			);
			mainGroup = CD2FC11C19BA234F00718525;
			productRefGroup = CD2FC12619BA234F00718525 /* Products */;
			projectDirPath = "";
			projectRoot = "";
			targets = (
				CD2FC12419BA234F00718525 /* YinYang */,
				CD2FC14519BA234F00718525 /* YinYangTests */,
			);
		};
/* End PBXProject section */

/* Begin PBXResourcesBuildPhase section */
		CD2FC12319BA234F00718525 /* Resources */ = {
			isa = PBXResourcesBuildPhase;
			buildActionMask = 2147483647;
			files = (
				CD2FC14119BA234F00718525 /* Images.xcassets in Resources */,
				CD2FC13319BA234F00718525 /* InfoPlist.strings in Resources */,
				CD2FC13C19BA234F00718525 /* Main.storyboard in Resources */,
			);
			runOnlyForDeploymentPostprocessing = 0;
		};
		CD2FC14419BA234F00718525 /* Resources */ = {
			isa = PBXResourcesBuildPhase;
			buildActionMask = 2147483647;
			files = (
				CD2FC15219BA235000718525 /* InfoPlist.strings in Resources */,
			);
			runOnlyForDeploymentPostprocessing = 0;
		};
/* End PBXResourcesBuildPhase section */

/* Begin PBXSourcesBuildPhase section */
		CD2FC12119BA234F00718525 /* Sources */ = {
			isa = PBXSourcesBuildPhase;
			buildActionMask = 2147483647;
			files = (
				CD2FC13919BA234F00718525 /* YinYangAppDelegate.m in Sources */,
				CD2FC13F19BA234F00718525 /* YinYangViewController.m in Sources */,
				CD2FC13519BA234F00718525 /* main.m in Sources */,
			);
			runOnlyForDeploymentPostprocessing = 0;
		};
		CD2FC14219BA234F00718525 /* Sources */ = {
			isa = PBXSourcesBuildPhase;
			buildActionMask = 2147483647;
			files = (
				CD2FC15419BA235000718525 /* YinYangTests.m in Sources */,
			);
			runOnlyForDeploymentPostprocessing = 0;
		};
/* End PBXSourcesBuildPhase section */

/* Begin PBXTargetDependency section */
		CD2FC14C19BA235000718525 /* PBXTargetDependency */ = {
			isa = PBXTargetDependency;
			target = CD2FC12419BA234F00718525 /* YinYang */;
			targetProxy = CD2FC14B19BA235000718525 /* PBXContainerItemProxy */;
		};
/* End PBXTargetDependency section */

/* Begin PBXVariantGroup section */
		CD2FC13119BA234F00718525 /* InfoPlist.strings */ = {
			isa = PBXVariantGroup;
			children = (
				CD2FC13219BA234F00718525 /* en */,
			);
			name = InfoPlist.strings;
			sourceTree = "<group>";
		};
		CD2FC13A19BA234F00718525 /* Main.storyboard */ = {
			isa = PBXVariantGroup;
			children = (
				CD2FC13B19BA234F00718525 /* Base */,
			);
			name = Main.storyboard;
			sourceTree = "<group>";
		};
		CD2FC15019BA235000718525 /* InfoPlist.strings */ = {
			isa = PBXVariantGroup;
			children = (
				CD2FC15119BA235000718525 /* en */,
			);
			name = InfoPlist.strings;
			sourceTree = "<group>";
		};
/* End PBXVariantGroup section */

/* Begin XCBuildConfiguration section */
		CD2FC15519BA235000718525 /* Debug */ = {
			isa = XCBuildConfiguration;
			buildSettings = {
				ALWAYS_SEARCH_USER_PATHS = NO;
				CLANG_CXX_LANGUAGE_STANDARD = "gnu++0x";
				CLANG_CXX_LIBRARY = "libc++";
				CLANG_ENABLE_MODULES = YES;
				CLANG_ENABLE_OBJC_ARC = YES;
				CLANG_WARN_BOOL_CONVERSION = YES;
				CLANG_WARN_CONSTANT_CONVERSION = YES;
				CLANG_WARN_DIRECT_OBJC_ISA_USAGE = YES_ERROR;
				CLANG_WARN_EMPTY_BODY = YES;
				CLANG_WARN_ENUM_CONVERSION = YES;
				CLANG_WARN_INT_CONVERSION = YES;
				CLANG_WARN_OBJC_ROOT_CLASS = YES_ERROR;
				CLANG_WARN__DUPLICATE_METHOD_MATCH = YES;
				"CODE_SIGN_IDENTITY[sdk=iphoneos*]" = "iPhone Developer";
				COPY_PHASE_STRIP = NO;
				GCC_C_LANGUAGE_STANDARD = gnu99;
				GCC_DYNAMIC_NO_PIC = NO;
				GCC_OPTIMIZATION_LEVEL = 0;
				GCC_PREPROCESSOR_DEFINITIONS = (
					"DEBUG=1",
					"$(inherited)",
				);
				GCC_SYMBOLS_PRIVATE_EXTERN = NO;
				GCC_WARN_64_TO_32_BIT_CONVERSION = YES;
				GCC_WARN_ABOUT_RETURN_TYPE = YES_ERROR;
				GCC_WARN_UNDECLARED_SELECTOR = YES;
				GCC_WARN_UNINITIALIZED_AUTOS = YES_AGGRESSIVE;
				GCC_WARN_UNUSED_FUNCTION = YES;
				GCC_WARN_UNUSED_VARIABLE = YES;
				IPHONEOS_DEPLOYMENT_TARGET = 7.1;
				ONLY_ACTIVE_ARCH = YES;
				SDKROOT = iphoneos;
			};
			name = Debug;
		};
		CD2FC15619BA235000718525 /* Release */ = {
			isa = XCBuildConfiguration;
			buildSettings = {
				ALWAYS_SEARCH_USER_PATHS = NO;
				CLANG_CXX_LANGUAGE_STANDARD = "gnu++0x";
				CLANG_CXX_LIBRARY = "libc++";
				CLANG_ENABLE_MODULES = YES;
				CLANG_ENABLE_OBJC_ARC = YES;
				CLANG_WARN_BOOL_CONVERSION = YES;
				CLANG_WARN_CONSTANT_CONVERSION = YES;
				CLANG_WARN_DIRECT_OBJC_ISA_USAGE = YES_ERROR;
				CLANG_WARN_EMPTY_BODY = YES;
				CLANG_WARN_ENUM_CONVERSION = YES;
				CLANG_WARN_INT_CONVERSION = YES;
				CLANG_WARN_OBJC_ROOT_CLASS = YES_ERROR;
				CLANG_WARN__DUPLICATE_METHOD_MATCH = YES;
				"CODE_SIGN_IDENTITY[sdk=iphoneos*]" = "iPhone Developer";
				COPY_PHASE_STRIP = YES;
				ENABLE_NS_ASSERTIONS = NO;
				GCC_C_LANGUAGE_STANDARD = gnu99;
				GCC_WARN_64_TO_32_BIT_CONVERSION = YES;
				GCC_WARN_ABOUT_RETURN_TYPE = YES_ERROR;
				GCC_WARN_UNDECLARED_SELECTOR = YES;
				GCC_WARN_UNINITIALIZED_AUTOS = YES_AGGRESSIVE;
				GCC_WARN_UNUSED_FUNCTION = YES;
				GCC_WARN_UNUSED_VARIABLE = YES;
				IPHONEOS_DEPLOYMENT_TARGET = 7.1;
				SDKROOT = iphoneos;
				VALIDATE_PRODUCT = YES;
			};
			name = Release;
		};
		CD2FC15819BA235000718525 /* Debug */ = {
			isa = XCBuildConfiguration;
			buildSettings = {
				ASSETCATALOG_COMPILER_APPICON_NAME = AppIcon;
				ASSETCATALOG_COMPILER_LAUNCHIMAGE_NAME = LaunchImage;
				GCC_PRECOMPILE_PREFIX_HEADER = YES;
				GCC_PREFIX_HEADER = "YinYang/YinYang-Prefix.pch";
				INFOPLIST_FILE = "YinYang/YinYang-Info.plist";
				PRODUCT_NAME = "$(TARGET_NAME)";
				WRAPPER_EXTENSION = app;
			};
			name = Debug;
		};
		CD2FC15919BA235000718525 /* Release */ = {
			isa = XCBuildConfiguration;
			buildSettings = {
				ASSETCATALOG_COMPILER_APPICON_NAME = AppIcon;
				ASSETCATALOG_COMPILER_LAUNCHIMAGE_NAME = LaunchImage;
				GCC_PRECOMPILE_PREFIX_HEADER = YES;
				GCC_PREFIX_HEADER = "YinYang/YinYang-Prefix.pch";
				INFOPLIST_FILE = "YinYang/YinYang-Info.plist";
				PRODUCT_NAME = "$(TARGET_NAME)";
				WRAPPER_EXTENSION = app;
			};
			name = Release;
		};
		CD2FC15B19BA235000718525 /* Debug */ = {
			isa = XCBuildConfiguration;
			buildSettings = {
				BUNDLE_LOADER = "$(BUILT_PRODUCTS_DIR)/YinYang.app/YinYang";
				FRAMEWORK_SEARCH_PATHS = (
					"$(SDKROOT)/Developer/Library/Frameworks",
					"$(inherited)",
					"$(DEVELOPER_FRAMEWORKS_DIR)",
				);
				GCC_PRECOMPILE_PREFIX_HEADER = YES;
				GCC_PREFIX_HEADER = "YinYang/YinYang-Prefix.pch";
				GCC_PREPROCESSOR_DEFINITIONS = (
					"DEBUG=1",
					"$(inherited)",
				);
				INFOPLIST_FILE = "YinYangTests/YinYangTests-Info.plist";
				PRODUCT_NAME = "$(TARGET_NAME)";
				TEST_HOST = "$(BUNDLE_LOADER)";
				WRAPPER_EXTENSION = xctest;
			};
			name = Debug;
		};
		CD2FC15C19BA235000718525 /* Release */ = {
			isa = XCBuildConfiguration;
			buildSettings = {
				BUNDLE_LOADER = "$(BUILT_PRODUCTS_DIR)/YinYang.app/YinYang";
				FRAMEWORK_SEARCH_PATHS = (
					"$(SDKROOT)/Developer/Library/Frameworks",
					"$(inherited)",
					"$(DEVELOPER_FRAMEWORKS_DIR)",
				);
				GCC_PRECOMPILE_PREFIX_HEADER = YES;
				GCC_PREFIX_HEADER = "YinYang/YinYang-Prefix.pch";
				INFOPLIST_FILE = "YinYangTests/YinYangTests-Info.plist";
				PRODUCT_NAME = "$(TARGET_NAME)";
				TEST_HOST = "$(BUNDLE_LOADER)";
				WRAPPER_EXTENSION = xctest;
			};
			name = Release;
		};
/* End XCBuildConfiguration section */

/* Begin XCConfigurationList section */
		CD2FC12019BA234F00718525 /* Build configuration list for PBXProject "YinYang" */ = {
			isa = XCConfigurationList;
			buildConfigurations = (
				CD2FC15519BA235000718525 /* Debug */,
				CD2FC15619BA235000718525 /* Release */,
			);
			defaultConfigurationIsVisible = 0;
			defaultConfigurationName = Release;
		};
		CD2FC15719BA235000718525 /* Build configuration list for PBXNativeTarget "YinYang" */ = {
			isa = XCConfigurationList;
			buildConfigurations = (
				CD2FC15819BA235000718525 /* Debug */,
				CD2FC15919BA235000718525 /* Release */,
			);
			defaultConfigurationIsVisible = 0;
		};
		CD2FC15A19BA235000718525 /* Build configuration list for PBXNativeTarget "YinYangTests" */ = {
			isa = XCConfigurationList;
			buildConfigurations = (
				CD2FC15B19BA235000718525 /* Debug */,
				CD2FC15C19BA235000718525 /* Release */,
			);
			defaultConfigurationIsVisible = 0;
		};
/* End XCConfigurationList section */
	};
	rootObject = CD2FC11D19BA234F00718525 /* Project object */;
}
